
Microsoft Visual Studio Solution File, Format Version 12.00
# Visual Studio Version 17
VisualStudioVersion = 17.3.32901.215
MinimumVisualStudioVersion = 10.0.40219.1
Project("{FAE04EC0-301F-11D3-BF4B-00C04F79EFBC}") = "PrintNumberInWordForm_2", "PrintNumberInWordForm_2\PrintNumberInWordForm_2.csproj", "{1EBBCF83-2BE0-4BA1-9CC3-BBAAE0828C68}"
EndProject
Global
	GlobalSection(SolutionConfigurationPlatforms) = preSolution
		Debug|Any CPU = Debug|Any CPU
		Release|Any CPU = Release|Any CPU
	EndGlobalSection
	GlobalSection(ProjectConfigurationPlatforms) = postSolution
		{1EBBCF83-2BE0-4BA1-9CC3-BBAAE0828C68}.Debug|Any CPU.ActiveCfg = Debug|Any CPU
		{1EBBCF83-2BE0-4BA1-9CC3-BBAAE0828C68}.Debug|Any CPU.Build.0 = Debug|Any CPU
		{1EBBCF83-2BE0-4BA1-9CC3-BBAAE0828C68}.Release|Any CPU.ActiveCfg = Release|Any CPU
		{1EBBCF83-2BE0-4BA1-9CC3-BBAAE0828C68}.Release|Any CPU.Build.0 = Release|Any CPU
	EndGlobalSection
	GlobalSection(SolutionProperties) = preSolution
		HideSolutionNode = FALSE
	EndGlobalSection
	GlobalSection(ExtensibilityGlobals) = postSolution
		SolutionGuid = {A9366416-1EA2-46A7-A092-E0FD5BC2501F}
	EndGlobalSection
EndGlobal
